
Microsoft Visual Studio Solution File, Format Version 12.00
Project("{FAE04EC0-301F-11D3-BF4B-00C04F79EFBC}") = "NetworkInfoFetcher", "NetworkInfoFetcher\NetworkInfoFetcher.csproj", "{2CFA422A-C2D1-45B6-93D2-A8EE8EB2567A}"
EndProject
Global
	GlobalSection(SolutionConfigurationPlatforms) = preSolution
		Debug|Any CPU = Debug|Any CPU
		Release|Any CPU = Release|Any CPU
	EndGlobalSection
	GlobalSection(ProjectConfigurationPlatforms) = postSolution
		{2CFA422A-C2D1-45B6-93D2-A8EE8EB2567A}.Debug|Any CPU.ActiveCfg = Debug|Any CPU
		{2CFA422A-C2D1-45B6-93D2-A8EE8EB2567A}.Debug|Any CPU.Build.0 = Debug|Any CPU
		{2CFA422A-C2D1-45B6-93D2-A8EE8EB2567A}.Release|Any CPU.ActiveCfg = Release|Any CPU
		{2CFA422A-C2D1-45B6-93D2-A8EE8EB2567A}.Release|Any CPU.Build.0 = Release|Any CPU
	EndGlobalSection
EndGlobal
